
Microsoft Visual Studio Solution File, Format Version 12.00
# Visual Studio Version 16
VisualStudioVersion = 16.0.31702.278
MinimumVisualStudioVersion = 10.0.40219.1
Project("{FAE04EC0-301F-11D3-BF4B-00C04F79EFBC}") = "FormularioHolaMundo", "FormularioHolaMundo.csproj", "{DF8FF35C-D04C-4D1C-BD7A-38E07508ED4A}"
EndProject
Global
	GlobalSection(SolutionConfigurationPlatforms) = preSolution
		Debug|Any CPU = Debug|Any CPU
		Release|Any CPU = Release|Any CPU
	EndGlobalSection
	GlobalSection(ProjectConfigurationPlatforms) = postSolution
		{DF8FF35C-D04C-4D1C-BD7A-38E07508ED4A}.Debug|Any CPU.ActiveCfg = Debug|Any CPU
		{DF8FF35C-D04C-4D1C-BD7A-38E07508ED4A}.Debug|Any CPU.Build.0 = Debug|Any CPU
		{DF8FF35C-D04C-4D1C-BD7A-38E07508ED4A}.Release|Any CPU.ActiveCfg = Release|Any CPU
		{DF8FF35C-D04C-4D1C-BD7A-38E07508ED4A}.Release|Any CPU.Build.0 = Release|Any CPU
	EndGlobalSection
	GlobalSection(SolutionProperties) = preSolution
		HideSolutionNode = FALSE
	EndGlobalSection
	GlobalSection(ExtensibilityGlobals) = postSolution
		SolutionGuid = {04BA033F-7CC2-49DF-A821-7EAD7A78621F}
	EndGlobalSection
EndGlobal
